
Microsoft Visual Studio Solution File, Format Version 12.00
# Visual Studio 2012
Project("{FAE04EC0-301F-11D3-BF4B-00C04F79EFBC}") = "EmployeeService", "EmployeeService\EmployeeService.csproj", "{FBF169EB-7B5C-4C64-93FE-ED5C5EF4BCF5}"
EndProject
Project("{FAE04EC0-301F-11D3-BF4B-00C04F79EFBC}") = "EmployeeService.Tests", "EmployeeService.Tests\EmployeeService.Tests.csproj", "{76C9DE7D-9929-45FD-AFAB-63C6DB4E4223}"
EndProject
Project("{FAE04EC0-301F-11D3-BF4B-00C04F79EFBC}") = "EmployeeDataAccess", "EmployeeDataAccess\EmployeeDataAccess.csproj", "{1D944F2D-79CB-4624-87A6-7C4B2A044363}"
EndProject
Global
	GlobalSection(SolutionConfigurationPlatforms) = preSolution
		Debug|Any CPU = Debug|Any CPU
		Release|Any CPU = Release|Any CPU
	EndGlobalSection
	GlobalSection(ProjectConfigurationPlatforms) = postSolution
		{FBF169EB-7B5C-4C64-93FE-ED5C5EF4BCF5}.Debug|Any CPU.ActiveCfg = Debug|Any CPU
		{FBF169EB-7B5C-4C64-93FE-ED5C5EF4BCF5}.Debug|Any CPU.Build.0 = Debug|Any CPU
		{FBF169EB-7B5C-4C64-93FE-ED5C5EF4BCF5}.Release|Any CPU.ActiveCfg = Release|Any CPU
		{FBF169EB-7B5C-4C64-93FE-ED5C5EF4BCF5}.Release|Any CPU.Build.0 = Release|Any CPU
		{76C9DE7D-9929-45FD-AFAB-63C6DB4E4223}.Debug|Any CPU.ActiveCfg = Debug|Any CPU
		{76C9DE7D-9929-45FD-AFAB-63C6DB4E4223}.Debug|Any CPU.Build.0 = Debug|Any CPU
		{76C9DE7D-9929-45FD-AFAB-63C6DB4E4223}.Release|Any CPU.ActiveCfg = Release|Any CPU
		{76C9DE7D-9929-45FD-AFAB-63C6DB4E4223}.Release|Any CPU.Build.0 = Release|Any CPU
		{1D944F2D-79CB-4624-87A6-7C4B2A044363}.Debug|Any CPU.ActiveCfg = Debug|Any CPU
		{1D944F2D-79CB-4624-87A6-7C4B2A044363}.Debug|Any CPU.Build.0 = Debug|Any CPU
		{1D944F2D-79CB-4624-87A6-7C4B2A044363}.Release|Any CPU.ActiveCfg = Release|Any CPU
		{1D944F2D-79CB-4624-87A6-7C4B2A044363}.Release|Any CPU.Build.0 = Release|Any CPU
	EndGlobalSection
	GlobalSection(SolutionProperties) = preSolution
		HideSolutionNode = FALSE
	EndGlobalSection
EndGlobal
